
Microsoft Visual Studio Solution File, Format Version 12.00
# Visual Studio Version 16
VisualStudioVersion = 16.0.29215.179
MinimumVisualStudioVersion = 10.0.40219.1
Project("{FAE04EC0-301F-11D3-BF4B-00C04F79EFBC}") = "Students_ConsoleApp", "Students_ConsoleApp\Students_ConsoleApp.csproj", "{403D6593-7668-43E8-9F65-D1B546BFBB6A}"
EndProject
Project("{FAE04EC0-301F-11D3-BF4B-00C04F79EFBC}") = "Students_ClassLibrary", "Students_ClassLibrary\Students_ClassLibrary.csproj", "{2AAABD8C-9DCE-4281-8C83-5515EACB07B3}"
EndProject
Global
	GlobalSection(SolutionConfigurationPlatforms) = preSolution
		Debug|Any CPU = Debug|Any CPU
		Release|Any CPU = Release|Any CPU
	EndGlobalSection
	GlobalSection(ProjectConfigurationPlatforms) = postSolution
		{403D6593-7668-43E8-9F65-D1B546BFBB6A}.Debug|Any CPU.ActiveCfg = Debug|Any CPU
		{403D6593-7668-43E8-9F65-D1B546BFBB6A}.Debug|Any CPU.Build.0 = Debug|Any CPU
		{403D6593-7668-43E8-9F65-D1B546BFBB6A}.Release|Any CPU.ActiveCfg = Release|Any CPU
		{403D6593-7668-43E8-9F65-D1B546BFBB6A}.Release|Any CPU.Build.0 = Release|Any CPU
		{2AAABD8C-9DCE-4281-8C83-5515EACB07B3}.Debug|Any CPU.ActiveCfg = Debug|Any CPU
		{2AAABD8C-9DCE-4281-8C83-5515EACB07B3}.Debug|Any CPU.Build.0 = Debug|Any CPU
		{2AAABD8C-9DCE-4281-8C83-5515EACB07B3}.Release|Any CPU.ActiveCfg = Release|Any CPU
		{2AAABD8C-9DCE-4281-8C83-5515EACB07B3}.Release|Any CPU.Build.0 = Release|Any CPU
	EndGlobalSection
	GlobalSection(SolutionProperties) = preSolution
		HideSolutionNode = FALSE
	EndGlobalSection
	GlobalSection(ExtensibilityGlobals) = postSolution
		SolutionGuid = {6F1EFA3B-C77E-45F5-B5BF-BCA0090FB426}
	EndGlobalSection
EndGlobal
